
Microsoft Visual Studio Solution File, Format Version 12.00
# Visual Studio Version 17
VisualStudioVersion = 17.4.33205.214
MinimumVisualStudioVersion = 10.0.40219.1
Project("{9A19103F-16F7-4668-BE54-9A1E7A4F7556}") = "Etrade.UI", "Etrade.UI\Etrade.UI.csproj", "{F3672051-9EE3-44E5-B9DA-3FD5882282D1}"
EndProject
Project("{9A19103F-16F7-4668-BE54-9A1E7A4F7556}") = "Etrade.Entities", "Etrade.Entities\Etrade.Entities.csproj", "{9AAF185C-31E5-4B51-B68B-E7827CA30EB1}"
EndProject
Project("{9A19103F-16F7-4668-BE54-9A1E7A4F7556}") = "Etrade.Business", "Etrade.Business\Etrade.Business.csproj", "{D416AE26-93DB-461C-A2B2-DF84782D84A8}"
EndProject
Project("{9A19103F-16F7-4668-BE54-9A1E7A4F7556}") = "Etrade.DAL", "Etrade.DAL\Etrade.DAL.csproj", "{9EA73C42-CE09-48A2-BCCC-E59F1B1B2637}"
EndProject
Project("{FAE04EC0-301F-11D3-BF4B-00C04F79EFBC}") = "Etrade.WebApi", "Etrade.WebApi\Etrade.WebApi.csproj", "{665ACDA0-9F15-4606-93E9-82D58A8FE129}"
EndProject
Global
	GlobalSection(SolutionConfigurationPlatforms) = preSolution
		Debug|Any CPU = Debug|Any CPU
		Release|Any CPU = Release|Any CPU
	EndGlobalSection
	GlobalSection(ProjectConfigurationPlatforms) = postSolution
		{F3672051-9EE3-44E5-B9DA-3FD5882282D1}.Debug|Any CPU.ActiveCfg = Debug|Any CPU
		{F3672051-9EE3-44E5-B9DA-3FD5882282D1}.Debug|Any CPU.Build.0 = Debug|Any CPU
		{F3672051-9EE3-44E5-B9DA-3FD5882282D1}.Release|Any CPU.ActiveCfg = Release|Any CPU
		{F3672051-9EE3-44E5-B9DA-3FD5882282D1}.Release|Any CPU.Build.0 = Release|Any CPU
		{9AAF185C-31E5-4B51-B68B-E7827CA30EB1}.Debug|Any CPU.ActiveCfg = Debug|Any CPU
		{9AAF185C-31E5-4B51-B68B-E7827CA30EB1}.Debug|Any CPU.Build.0 = Debug|Any CPU
		{9AAF185C-31E5-4B51-B68B-E7827CA30EB1}.Release|Any CPU.ActiveCfg = Release|Any CPU
		{9AAF185C-31E5-4B51-B68B-E7827CA30EB1}.Release|Any CPU.Build.0 = Release|Any CPU
		{D416AE26-93DB-461C-A2B2-DF84782D84A8}.Debug|Any CPU.ActiveCfg = Debug|Any CPU
		{D416AE26-93DB-461C-A2B2-DF84782D84A8}.Debug|Any CPU.Build.0 = Debug|Any CPU
		{D416AE26-93DB-461C-A2B2-DF84782D84A8}.Release|Any CPU.ActiveCfg = Release|Any CPU
		{D416AE26-93DB-461C-A2B2-DF84782D84A8}.Release|Any CPU.Build.0 = Release|Any CPU
		{9EA73C42-CE09-48A2-BCCC-E59F1B1B2637}.Debug|Any CPU.ActiveCfg = Debug|Any CPU
		{9EA73C42-CE09-48A2-BCCC-E59F1B1B2637}.Debug|Any CPU.Build.0 = Debug|Any CPU
		{9EA73C42-CE09-48A2-BCCC-E59F1B1B2637}.Release|Any CPU.ActiveCfg = Release|Any CPU
		{9EA73C42-CE09-48A2-BCCC-E59F1B1B2637}.Release|Any CPU.Build.0 = Release|Any CPU
		{665ACDA0-9F15-4606-93E9-82D58A8FE129}.Debug|Any CPU.ActiveCfg = Debug|Any CPU
		{665ACDA0-9F15-4606-93E9-82D58A8FE129}.Debug|Any CPU.Build.0 = Debug|Any CPU
		{665ACDA0-9F15-4606-93E9-82D58A8FE129}.Release|Any CPU.ActiveCfg = Release|Any CPU
		{665ACDA0-9F15-4606-93E9-82D58A8FE129}.Release|Any CPU.Build.0 = Release|Any CPU
	EndGlobalSection
	GlobalSection(SolutionProperties) = preSolution
		HideSolutionNode = FALSE
	EndGlobalSection
	GlobalSection(ExtensibilityGlobals) = postSolution
		SolutionGuid = {B39EBF90-03B4-452A-8BBC-3EA9084C2B05}
	EndGlobalSection
EndGlobal
